
Microsoft Visual Studio Solution File, Format Version 12.00
# Visual Studio Version 17
VisualStudioVersion = 17.4.33122.133
MinimumVisualStudioVersion = 10.0.40219.1
Project("{FAE04EC0-301F-11D3-BF4B-00C04F79EFBC}") = "EmbedWebhook", "EmbedWebhook\EmbedWebhook.csproj", "{3DD035A2-A079-42B5-8E44-01D295FE2741}"
EndProject
Global
	GlobalSection(SolutionConfigurationPlatforms) = preSolution
		Debug|Any CPU = Debug|Any CPU
		Release|Any CPU = Release|Any CPU
	EndGlobalSection
	GlobalSection(ProjectConfigurationPlatforms) = postSolution
		{3DD035A2-A079-42B5-8E44-01D295FE2741}.Debug|Any CPU.ActiveCfg = Debug|Any CPU
		{3DD035A2-A079-42B5-8E44-01D295FE2741}.Debug|Any CPU.Build.0 = Debug|Any CPU
		{3DD035A2-A079-42B5-8E44-01D295FE2741}.Release|Any CPU.ActiveCfg = Release|Any CPU
		{3DD035A2-A079-42B5-8E44-01D295FE2741}.Release|Any CPU.Build.0 = Release|Any CPU
	EndGlobalSection
	GlobalSection(SolutionProperties) = preSolution
		HideSolutionNode = FALSE
	EndGlobalSection
	GlobalSection(ExtensibilityGlobals) = postSolution
		SolutionGuid = {C43D81F4-FC6B-4CE2-A4E4-43554FEA977C}
	EndGlobalSection
EndGlobal
